// !$*UTF8*$!
{
	archiveVersion = 1;
	classes = {
	};
	objectVersion = 46;
	objects = {

/* Begin PBXBuildFile section */
		6F0CBFD71B3F02D700D9B351 /* RailsRequest.swift in Sources */ = {isa = PBXBuildFile; fileRef = 6F0CBFD61B3F02D700D9B351 /* RailsRequest.swift */; };
		6F0CBFD91B3F10D300D9B351 /* Podfile in Resources */ = {isa = PBXBuildFile; fileRef = 6F0CBFD81B3F10D300D9B351 /* Podfile */; };
		6F0CBFDE1B3F31AF00D9B351 /* BubbleViewController.swift in Sources */ = {isa = PBXBuildFile; fileRef = 6F0CBFDD1B3F31AE00D9B351 /* BubbleViewController.swift */; };
		6F2D834A1B3E68B10006768E /* AccessoryCollectionView.swift in Sources */ = {isa = PBXBuildFile; fileRef = 6F2D83491B3E68B10006768E /* AccessoryCollectionView.swift */; };
		6F2D834D1B3E68F40006768E /* Constants.swift in Sources */ = {isa = PBXBuildFile; fileRef = 6F2D834C1B3E68F40006768E /* Constants.swift */; };
		83F3810344CAC9FF3651CEC1 /* Pods_ComicBookMaker.framework in Frameworks */ = {isa = PBXBuildFile; fileRef = BFADC9112BD4B419FDA72D68 /* Pods_ComicBookMaker.framework */; settings = {ATTRIBUTES = (Weak, ); }; };
		CD3CD3F71B3E1D740020C0C4 /* AppDelegate.swift in Sources */ = {isa = PBXBuildFile; fileRef = CD3CD3F61B3E1D740020C0C4 /* AppDelegate.swift */; };
		CD3CD3F91B3E1D740020C0C4 /* CameraViewController.swift in Sources */ = {isa = PBXBuildFile; fileRef = CD3CD3F81B3E1D740020C0C4 /* CameraViewController.swift */; };
		CD3CD3FC1B3E1D740020C0C4 /* Main.storyboard in Resources */ = {isa = PBXBuildFile; fileRef = CD3CD3FA1B3E1D740020C0C4 /* Main.storyboard */; };
		CD3CD3FE1B3E1D740020C0C4 /* Images.xcassets in Resources */ = {isa = PBXBuildFile; fileRef = CD3CD3FD1B3E1D740020C0C4 /* Images.xcassets */; };
		CD3CD4011B3E1D740020C0C4 /* LaunchScreen.xib in Resources */ = {isa = PBXBuildFile; fileRef = CD3CD3FF1B3E1D740020C0C4 /* LaunchScreen.xib */; };
		CD3CD40D1B3E1D740020C0C4 /* ComicBookMakerTests.swift in Sources */ = {isa = PBXBuildFile; fileRef = CD3CD40C1B3E1D740020C0C4 /* ComicBookMakerTests.swift */; };
		CD3CD4171B3E283A0020C0C4 /* EditViewController.swift in Sources */ = {isa = PBXBuildFile; fileRef = CD3CD4161B3E283A0020C0C4 /* EditViewController.swift */; };
		CD3CD41A1B3E3CB50020C0C4 /* EditCollectionViewCell.swift in Sources */ = {isa = PBXBuildFile; fileRef = CD3CD4191B3E3CB50020C0C4 /* EditCollectionViewCell.swift */; };
		E85A0C381B3FB8CC0097BB5D /* AVFoundation.framework in Frameworks */ = {isa = PBXBuildFile; fileRef = E85A0C371B3FB8CC0097BB5D /* AVFoundation.framework */; };
		E85A0C3B1B3FC2580097BB5D /* icepour.wav in Resources */ = {isa = PBXBuildFile; fileRef = E85A0C3A1B3FC2580097BB5D /* icepour.wav */; };
		E85A0C3D1B3FC2680097BB5D /* firecrackers.wav in Resources */ = {isa = PBXBuildFile; fileRef = E85A0C3C1B3FC2680097BB5D /* firecrackers.wav */; };
		E85A0C3F1B3FC2730097BB5D /* Apollo11_OneSmallStep.wav in Resources */ = {isa = PBXBuildFile; fileRef = E85A0C3E1B3FC2730097BB5D /* Apollo11_OneSmallStep.wav */; };
		E85A0C411B3FC2810097BB5D /* factorywhistle.wav in Resources */ = {isa = PBXBuildFile; fileRef = E85A0C401B3FC2810097BB5D /* factorywhistle.wav */; };
		E85A0C431B3FC2900097BB5D /* tiger.wav in Resources */ = {isa = PBXBuildFile; fileRef = E85A0C421B3FC2900097BB5D /* tiger.wav */; };
		E85A0C451B3FC4620097BB5D /* ScrollViewsResources in Resources */ = {isa = PBXBuildFile; fileRef = E85A0C441B3FC4620097BB5D /* ScrollViewsResources */; };
		E85A0C471B3FD3800097BB5D /* ScrollViewContainer.swift in Sources */ = {isa = PBXBuildFile; fileRef = E85A0C461B3FD3800097BB5D /* ScrollViewContainer.swift */; };
		E85A0C491B4054100097BB5D /* File.swift in Sources */ = {isa = PBXBuildFile; fileRef = E85A0C481B4054100097BB5D /* File.swift */; };
/* End PBXBuildFile section */

/* Begin PBXContainerItemProxy section */
		CD3CD4071B3E1D740020C0C4 /* PBXContainerItemProxy */ = {
			isa = PBXContainerItemProxy;
			containerPortal = CD3CD3E91B3E1D740020C0C4 /* Project object */;
			proxyType = 1;
			remoteGlobalIDString = CD3CD3F01B3E1D740020C0C4;
			remoteInfo = ComicBookMaker;
		};
/* End PBXContainerItemProxy section */

/* Begin PBXFileReference section */
		203E43B2509FBA730EDDE810 /* Pods-ComicBookMaker.release.xcconfig */ = {isa = PBXFileReference; includeInIndex = 1; lastKnownFileType = text.xcconfig; name = "Pods-ComicBookMaker.release.xcconfig"; path = "Pods/Target Support Files/Pods-ComicBookMaker/Pods-ComicBookMaker.release.xcconfig"; sourceTree = "<group>"; };
		48E291F434814C3E3FB41343 /* Pods-ComicBookMaker.debug.xcconfig */ = {isa = PBXFileReference; includeInIndex = 1; lastKnownFileType = text.xcconfig; name = "Pods-ComicBookMaker.debug.xcconfig"; path = "Pods/Target Support Files/Pods-ComicBookMaker/Pods-ComicBookMaker.debug.xcconfig"; sourceTree = "<group>"; };
		6F0CBFD61B3F02D700D9B351 /* RailsRequest.swift */ = {isa = PBXFileReference; fileEncoding = 4; lastKnownFileType = sourcecode.swift; path = RailsRequest.swift; sourceTree = "<group>"; };
		6F0CBFD81B3F10D300D9B351 /* Podfile */ = {isa = PBXFileReference; fileEncoding = 4; lastKnownFileType = text; path = Podfile; sourceTree = "<group>"; };
		6F0CBFDA1B3F166400D9B351 /* ComicBookMaker-Bridging-Header.h */ = {isa = PBXFileReference; lastKnownFileType = sourcecode.c.h; path = "ComicBookMaker-Bridging-Header.h"; sourceTree = "<group>"; };
		6F0CBFDD1B3F31AE00D9B351 /* BubbleViewController.swift */ = {isa = PBXFileReference; fileEncoding = 4; lastKnownFileType = sourcecode.swift; path = BubbleViewController.swift; sourceTree = "<group>"; };
		6F2D83491B3E68B10006768E /* AccessoryCollectionView.swift */ = {isa = PBXFileReference; fileEncoding = 4; lastKnownFileType = sourcecode.swift; path = AccessoryCollectionView.swift; sourceTree = "<group>"; };
		6F2D834C1B3E68F40006768E /* Constants.swift */ = {isa = PBXFileReference; fileEncoding = 4; lastKnownFileType = sourcecode.swift; path = Constants.swift; sourceTree = "<group>"; };
		BFADC9112BD4B419FDA72D68 /* Pods_ComicBookMaker.framework */ = {isa = PBXFileReference; explicitFileType = wrapper.framework; includeInIndex = 0; path = Pods_ComicBookMaker.framework; sourceTree = BUILT_PRODUCTS_DIR; };
		CD3CD3F11B3E1D740020C0C4 /* ComicBookMaker.app */ = {isa = PBXFileReference; explicitFileType = wrapper.application; includeInIndex = 0; path = ComicBookMaker.app; sourceTree = BUILT_PRODUCTS_DIR; };
		CD3CD3F51B3E1D740020C0C4 /* Info.plist */ = {isa = PBXFileReference; lastKnownFileType = text.plist.xml; path = Info.plist; sourceTree = "<group>"; };
		CD3CD3F61B3E1D740020C0C4 /* AppDelegate.swift */ = {isa = PBXFileReference; lastKnownFileType = sourcecode.swift; path = AppDelegate.swift; sourceTree = "<group>"; };
		CD3CD3F81B3E1D740020C0C4 /* CameraViewController.swift */ = {isa = PBXFileReference; lastKnownFileType = sourcecode.swift; path = CameraViewController.swift; sourceTree = "<group>"; };
		CD3CD3FB1B3E1D740020C0C4 /* Base */ = {isa = PBXFileReference; lastKnownFileType = file.storyboard; name = Base; path = Base.lproj/Main.storyboard; sourceTree = "<group>"; };
		CD3CD3FD1B3E1D740020C0C4 /* Images.xcassets */ = {isa = PBXFileReference; lastKnownFileType = folder.assetcatalog; path = Images.xcassets; sourceTree = "<group>"; };
		CD3CD4001B3E1D740020C0C4 /* Base */ = {isa = PBXFileReference; lastKnownFileType = file.xib; name = Base; path = Base.lproj/LaunchScreen.xib; sourceTree = "<group>"; };
		CD3CD4061B3E1D740020C0C4 /* ComicBookMakerTests.xctest */ = {isa = PBXFileReference; explicitFileType = wrapper.cfbundle; includeInIndex = 0; path = ComicBookMakerTests.xctest; sourceTree = BUILT_PRODUCTS_DIR; };
		CD3CD40B1B3E1D740020C0C4 /* Info.plist */ = {isa = PBXFileReference; lastKnownFileType = text.plist.xml; path = Info.plist; sourceTree = "<group>"; };
		CD3CD40C1B3E1D740020C0C4 /* ComicBookMakerTests.swift */ = {isa = PBXFileReference; lastKnownFileType = sourcecode.swift; path = ComicBookMakerTests.swift; sourceTree = "<group>"; };
		CD3CD4161B3E283A0020C0C4 /* EditViewController.swift */ = {isa = PBXFileReference; fileEncoding = 4; lastKnownFileType = sourcecode.swift; path = EditViewController.swift; sourceTree = "<group>"; };
		CD3CD4191B3E3CB50020C0C4 /* EditCollectionViewCell.swift */ = {isa = PBXFileReference; fileEncoding = 4; lastKnownFileType = sourcecode.swift; path = EditCollectionViewCell.swift; sourceTree = "<group>"; };
		E85A0C371B3FB8CC0097BB5D /* AVFoundation.framework */ = {isa = PBXFileReference; lastKnownFileType = wrapper.framework; name = AVFoundation.framework; path = System/Library/Frameworks/AVFoundation.framework; sourceTree = SDKROOT; };
		E85A0C3A1B3FC2580097BB5D /* icepour.wav */ = {isa = PBXFileReference; lastKnownFileType = audio.wav; path = icepour.wav; sourceTree = "<group>"; };
		E85A0C3C1B3FC2680097BB5D /* firecrackers.wav */ = {isa = PBXFileReference; lastKnownFileType = audio.wav; path = firecrackers.wav; sourceTree = "<group>"; };
		E85A0C3E1B3FC2730097BB5D /* Apollo11_OneSmallStep.wav */ = {isa = PBXFileReference; lastKnownFileType = audio.wav; path = Apollo11_OneSmallStep.wav; sourceTree = "<group>"; };
		E85A0C401B3FC2810097BB5D /* factorywhistle.wav */ = {isa = PBXFileReference; lastKnownFileType = audio.wav; path = factorywhistle.wav; sourceTree = "<group>"; };
		E85A0C421B3FC2900097BB5D /* tiger.wav */ = {isa = PBXFileReference; lastKnownFileType = audio.wav; path = tiger.wav; sourceTree = "<group>"; };
		E85A0C441B3FC4620097BB5D /* ScrollViewsResources */ = {isa = PBXFileReference; lastKnownFileType = folder; path = ScrollViewsResources; sourceTree = "<group>"; };
		E85A0C461B3FD3800097BB5D /* ScrollViewContainer.swift */ = {isa = PBXFileReference; fileEncoding = 4; lastKnownFileType = sourcecode.swift; path = ScrollViewContainer.swift; sourceTree = "<group>"; };
		E85A0C481B4054100097BB5D /* File.swift */ = {isa = PBXFileReference; fileEncoding = 4; lastKnownFileType = sourcecode.swift; path = File.swift; sourceTree = "<group>"; };
/* End PBXFileReference section */

/* Begin PBXFrameworksBuildPhase section */
		CD3CD3EE1B3E1D740020C0C4 /* Frameworks */ = {
			isa = PBXFrameworksBuildPhase;
			buildActionMask = 2147483647;
			files = (
				E85A0C381B3FB8CC0097BB5D /* AVFoundation.framework in Frameworks */,
				83F3810344CAC9FF3651CEC1 /* Pods_ComicBookMaker.framework in Frameworks */,
			);
			runOnlyForDeploymentPostprocessing = 0;
		};
		CD3CD4031B3E1D740020C0C4 /* Frameworks */ = {
			isa = PBXFrameworksBuildPhase;
			buildActionMask = 2147483647;
			files = (
			);
			runOnlyForDeploymentPostprocessing = 0;
		};
/* End PBXFrameworksBuildPhase section */

/* Begin PBXGroup section */
		6F2D834B1B3E68D00006768E /* Regulars */ = {
			isa = PBXGroup;
			children = (
				6F2D834C1B3E68F40006768E /* Constants.swift */,
				6F0CBFD61B3F02D700D9B351 /* RailsRequest.swift */,
				E85A0C391B3FBA5E0097BB5D /* AudioFiles */,
			);
			name = Regulars;
			sourceTree = "<group>";
		};
		91329C62F5A507613E3D97DA /* Pods */ = {
			isa = PBXGroup;
			children = (
				48E291F434814C3E3FB41343 /* Pods-ComicBookMaker.debug.xcconfig */,
				203E43B2509FBA730EDDE810 /* Pods-ComicBookMaker.release.xcconfig */,
			);
			name = Pods;
			sourceTree = "<group>";
		};
		CD3CD3E81B3E1D740020C0C4 = {
			isa = PBXGroup;
			children = (
				6F0CBFD81B3F10D300D9B351 /* Podfile */,
				CD3CD3F31B3E1D740020C0C4 /* ComicBookMaker */,
				CD3CD4091B3E1D740020C0C4 /* ComicBookMakerTests */,
				CD3CD3F21B3E1D740020C0C4 /* Products */,
				91329C62F5A507613E3D97DA /* Pods */,
				DAC4B9A9D84C7A113B39A6AE /* Frameworks */,
				6F0CBFDA1B3F166400D9B351 /* ComicBookMaker-Bridging-Header.h */,
			);
			sourceTree = "<group>";
		};
		CD3CD3F21B3E1D740020C0C4 /* Products */ = {
			isa = PBXGroup;
			children = (
				CD3CD3F11B3E1D740020C0C4 /* ComicBookMaker.app */,
				CD3CD4061B3E1D740020C0C4 /* ComicBookMakerTests.xctest */,
			);
			name = Products;
			sourceTree = "<group>";
		};
		CD3CD3F31B3E1D740020C0C4 /* ComicBookMaker */ = {
			isa = PBXGroup;
			children = (
				CD3CD3FA1B3E1D740020C0C4 /* Main.storyboard */,
				E85A0C441B3FC4620097BB5D /* ScrollViewsResources */,
				CD3CD4181B3E28430020C0C4 /* Controllers */,
				CD3CD41B1B3E3D070020C0C4 /* Irregulars */,
				6F2D834B1B3E68D00006768E /* Regulars */,
				CD3CD3F41B3E1D740020C0C4 /* Supporting Files */,
			);
			path = ComicBookMaker;
			sourceTree = "<group>";
		};
		CD3CD3F41B3E1D740020C0C4 /* Supporting Files */ = {
			isa = PBXGroup;
			children = (
				CD3CD3FF1B3E1D740020C0C4 /* LaunchScreen.xib */,
				CD3CD3FD1B3E1D740020C0C4 /* Images.xcassets */,
				CD3CD3F61B3E1D740020C0C4 /* AppDelegate.swift */,
				CD3CD3F51B3E1D740020C0C4 /* Info.plist */,
			);
			name = "Supporting Files";
			sourceTree = "<group>";
		};
		CD3CD4091B3E1D740020C0C4 /* ComicBookMakerTests */ = {
			isa = PBXGroup;
			children = (
				CD3CD40C1B3E1D740020C0C4 /* ComicBookMakerTests.swift */,
				CD3CD40A1B3E1D740020C0C4 /* Supporting Files */,
			);
			path = ComicBookMakerTests;
			sourceTree = "<group>";
		};
		CD3CD40A1B3E1D740020C0C4 /* Supporting Files */ = {
			isa = PBXGroup;
			children = (
				CD3CD40B1B3E1D740020C0C4 /* Info.plist */,
			);
			name = "Supporting Files";
			sourceTree = "<group>";
		};
		CD3CD4181B3E28430020C0C4 /* Controllers */ = {
			isa = PBXGroup;
			children = (
				CD3CD3F81B3E1D740020C0C4 /* CameraViewController.swift */,
				CD3CD4161B3E283A0020C0C4 /* EditViewController.swift */,
				6F0CBFDD1B3F31AE00D9B351 /* BubbleViewController.swift */,
			);
			name = Controllers;
			sourceTree = "<group>";
		};
		CD3CD41B1B3E3D070020C0C4 /* Irregulars */ = {
			isa = PBXGroup;
			children = (
				CD3CD4191B3E3CB50020C0C4 /* EditCollectionViewCell.swift */,
				6F2D83491B3E68B10006768E /* AccessoryCollectionView.swift */,
				E85A0C461B3FD3800097BB5D /* ScrollViewContainer.swift */,
				E85A0C481B4054100097BB5D /* File.swift */,
			);
			name = Irregulars;
			sourceTree = "<group>";
		};
		DAC4B9A9D84C7A113B39A6AE /* Frameworks */ = {
			isa = PBXGroup;
			children = (
				E85A0C371B3FB8CC0097BB5D /* AVFoundation.framework */,
				BFADC9112BD4B419FDA72D68 /* Pods_ComicBookMaker.framework */,
			);
			name = Frameworks;
			sourceTree = "<group>";
		};
		E85A0C391B3FBA5E0097BB5D /* AudioFiles */ = {
			isa = PBXGroup;
			children = (
				E85A0C3A1B3FC2580097BB5D /* icepour.wav */,
				E85A0C3C1B3FC2680097BB5D /* firecrackers.wav */,
				E85A0C3E1B3FC2730097BB5D /* Apollo11_OneSmallStep.wav */,
				E85A0C401B3FC2810097BB5D /* factorywhistle.wav */,
				E85A0C421B3FC2900097BB5D /* tiger.wav */,
			);
			name = AudioFiles;
			sourceTree = "<group>";
		};
/* End PBXGroup section */

/* Begin PBXNativeTarget section */
		CD3CD3F01B3E1D740020C0C4 /* ComicBookMaker */ = {
			isa = PBXNativeTarget;
			buildConfigurationList = CD3CD4101B3E1D740020C0C4 /* Build configuration list for PBXNativeTarget "ComicBookMaker" */;
			buildPhases = (
				8BB77661C28503645BB5FBF1 /* Check Pods Manifest.lock */,
				CD3CD3ED1B3E1D740020C0C4 /* Sources */,
				CD3CD3EE1B3E1D740020C0C4 /* Frameworks */,
				CD3CD3EF1B3E1D740020C0C4 /* Resources */,
				D1361ECC02A9654BA81F1387 /* Embed Pods Frameworks */,
				ECAE7A5126DABB2DA928F1BD /* Copy Pods Resources */,
			);
			buildRules = (
			);
			dependencies = (
			);
			name = ComicBookMaker;
			productName = ComicBookMaker;
			productReference = CD3CD3F11B3E1D740020C0C4 /* ComicBookMaker.app */;
			productType = "com.apple.product-type.application";
		};
		CD3CD4051B3E1D740020C0C4 /* ComicBookMakerTests */ = {
			isa = PBXNativeTarget;
			buildConfigurationList = CD3CD4131B3E1D740020C0C4 /* Build configuration list for PBXNativeTarget "ComicBookMakerTests" */;
			buildPhases = (
				CD3CD4021B3E1D740020C0C4 /* Sources */,
				CD3CD4031B3E1D740020C0C4 /* Frameworks */,
				CD3CD4041B3E1D740020C0C4 /* Resources */,
			);
			buildRules = (
			);
			dependencies = (
				CD3CD4081B3E1D740020C0C4 /* PBXTargetDependency */,
			);
			name = ComicBookMakerTests;
			productName = ComicBookMakerTests;
			productReference = CD3CD4061B3E1D740020C0C4 /* ComicBookMakerTests.xctest */;
			productType = "com.apple.product-type.bundle.unit-test";
		};
/* End PBXNativeTarget section */

/* Begin PBXProject section */
		CD3CD3E91B3E1D740020C0C4 /* Project object */ = {
			isa = PBXProject;
			attributes = {
				LastUpgradeCheck = 0630;
				ORGANIZATIONNAME = "Whitney Lauren";
				TargetAttributes = {
					CD3CD3F01B3E1D740020C0C4 = {
						CreatedOnToolsVersion = 6.3.2;
					};
					CD3CD4051B3E1D740020C0C4 = {
						CreatedOnToolsVersion = 6.3.2;
						TestTargetID = CD3CD3F01B3E1D740020C0C4;
					};
				};
			};
			buildConfigurationList = CD3CD3EC1B3E1D740020C0C4 /* Build configuration list for PBXProject "ComicBookMaker" */;
			compatibilityVersion = "Xcode 3.2";
			developmentRegion = English;
			hasScannedForEncodings = 0;
			knownRegions = (
				en,
				Base,
			);
			mainGroup = CD3CD3E81B3E1D740020C0C4;
			productRefGroup = CD3CD3F21B3E1D740020C0C4 /* Products */;
			projectDirPath = "";
			projectRoot = "";
			targets = (
				CD3CD3F01B3E1D740020C0C4 /* ComicBookMaker */,
				CD3CD4051B3E1D740020C0C4 /* ComicBookMakerTests */,
			);
		};
/* End PBXProject section */

/* Begin PBXResourcesBuildPhase section */
		CD3CD3EF1B3E1D740020C0C4 /* Resources */ = {
			isa = PBXResourcesBuildPhase;
			buildActionMask = 2147483647;
			files = (
				E85A0C3F1B3FC2730097BB5D /* Apollo11_OneSmallStep.wav in Resources */,
				E85A0C3D1B3FC2680097BB5D /* firecrackers.wav in Resources */,
				CD3CD3FC1B3E1D740020C0C4 /* Main.storyboard in Resources */,
				E85A0C3B1B3FC2580097BB5D /* icepour.wav in Resources */,
				E85A0C451B3FC4620097BB5D /* ScrollViewsResources in Resources */,
				CD3CD4011B3E1D740020C0C4 /* LaunchScreen.xib in Resources */,
				6F0CBFD91B3F10D300D9B351 /* Podfile in Resources */,
				E85A0C411B3FC2810097BB5D /* factorywhistle.wav in Resources */,
				CD3CD3FE1B3E1D740020C0C4 /* Images.xcassets in Resources */,
				E85A0C431B3FC2900097BB5D /* tiger.wav in Resources */,
			);
			runOnlyForDeploymentPostprocessing = 0;
		};
		CD3CD4041B3E1D740020C0C4 /* Resources */ = {
			isa = PBXResourcesBuildPhase;
			buildActionMask = 2147483647;
			files = (
			);
			runOnlyForDeploymentPostprocessing = 0;
		};
/* End PBXResourcesBuildPhase section */

/* Begin PBXShellScriptBuildPhase section */
		8BB77661C28503645BB5FBF1 /* Check Pods Manifest.lock */ = {
			isa = PBXShellScriptBuildPhase;
			buildActionMask = 2147483647;
			files = (
			);
			inputPaths = (
			);
			name = "Check Pods Manifest.lock";
			outputPaths = (
			);
			runOnlyForDeploymentPostprocessing = 0;
			shellPath = /bin/sh;
			shellScript = "diff \"${PODS_ROOT}/../Podfile.lock\" \"${PODS_ROOT}/Manifest.lock\" > /dev/null\nif [[ $? != 0 ]] ; then\n    cat << EOM\nerror: The sandbox is not in sync with the Podfile.lock. Run 'pod install' or update your CocoaPods installation.\nEOM\n    exit 1\nfi\n";
			showEnvVarsInLog = 0;
		};
		D1361ECC02A9654BA81F1387 /* Embed Pods Frameworks */ = {
			isa = PBXShellScriptBuildPhase;
			buildActionMask = 2147483647;
			files = (
			);
			inputPaths = (
			);
			name = "Embed Pods Frameworks";
			outputPaths = (
			);
			runOnlyForDeploymentPostprocessing = 0;
			shellPath = /bin/sh;
			shellScript = "\"${SRCROOT}/Pods/Target Support Files/Pods-ComicBookMaker/Pods-ComicBookMaker-frameworks.sh\"\n";
			showEnvVarsInLog = 0;
		};
		ECAE7A5126DABB2DA928F1BD /* Copy Pods Resources */ = {
			isa = PBXShellScriptBuildPhase;
			buildActionMask = 2147483647;
			files = (
			);
			inputPaths = (
			);
			name = "Copy Pods Resources";
			outputPaths = (
			);
			runOnlyForDeploymentPostprocessing = 0;
			shellPath = /bin/sh;
			shellScript = "\"${SRCROOT}/Pods/Target Support Files/Pods-ComicBookMaker/Pods-ComicBookMaker-resources.sh\"\n";
			showEnvVarsInLog = 0;
		};
/* End PBXShellScriptBuildPhase section */

/* Begin PBXSourcesBuildPhase section */
		CD3CD3ED1B3E1D740020C0C4 /* Sources */ = {
			isa = PBXSourcesBuildPhase;
			buildActionMask = 2147483647;
			files = (
				6F0CBFDE1B3F31AF00D9B351 /* BubbleViewController.swift in Sources */,
				CD3CD41A1B3E3CB50020C0C4 /* EditCollectionViewCell.swift in Sources */,
				CD3CD3F91B3E1D740020C0C4 /* CameraViewController.swift in Sources */,
				6F2D834A1B3E68B10006768E /* AccessoryCollectionView.swift in Sources */,
				6F0CBFD71B3F02D700D9B351 /* RailsRequest.swift in Sources */,
				E85A0C491B4054100097BB5D /* File.swift in Sources */,
				CD3CD3F71B3E1D740020C0C4 /* AppDelegate.swift in Sources */,
				CD3CD4171B3E283A0020C0C4 /* EditViewController.swift in Sources */,
				6F2D834D1B3E68F40006768E /* Constants.swift in Sources */,
				E85A0C471B3FD3800097BB5D /* ScrollViewContainer.swift in Sources */,
			);
			runOnlyForDeploymentPostprocessing = 0;
		};
		CD3CD4021B3E1D740020C0C4 /* Sources */ = {
			isa = PBXSourcesBuildPhase;
			buildActionMask = 2147483647;
			files = (
				CD3CD40D1B3E1D740020C0C4 /* ComicBookMakerTests.swift in Sources */,
			);
			runOnlyForDeploymentPostprocessing = 0;
		};
/* End PBXSourcesBuildPhase section */

/* Begin PBXTargetDependency section */
		CD3CD4081B3E1D740020C0C4 /* PBXTargetDependency */ = {
			isa = PBXTargetDependency;
			target = CD3CD3F01B3E1D740020C0C4 /* ComicBookMaker */;
			targetProxy = CD3CD4071B3E1D740020C0C4 /* PBXContainerItemProxy */;
		};
/* End PBXTargetDependency section */

/* Begin PBXVariantGroup section */
		CD3CD3FA1B3E1D740020C0C4 /* Main.storyboard */ = {
			isa = PBXVariantGroup;
			children = (
				CD3CD3FB1B3E1D740020C0C4 /* Base */,
			);
			name = Main.storyboard;
			sourceTree = "<group>";
		};
		CD3CD3FF1B3E1D740020C0C4 /* LaunchScreen.xib */ = {
			isa = PBXVariantGroup;
			children = (
				CD3CD4001B3E1D740020C0C4 /* Base */,
			);
			name = LaunchScreen.xib;
			sourceTree = "<group>";
		};
/* End PBXVariantGroup section */

/* Begin XCBuildConfiguration section */
		CD3CD40E1B3E1D740020C0C4 /* Debug */ = {
			isa = XCBuildConfiguration;
			buildSettings = {
				ALWAYS_SEARCH_USER_PATHS = NO;
				CLANG_CXX_LANGUAGE_STANDARD = "gnu++0x";
				CLANG_CXX_LIBRARY = "libc++";
				CLANG_ENABLE_MODULES = YES;
				CLANG_ENABLE_OBJC_ARC = YES;
				CLANG_WARN_BOOL_CONVERSION = YES;
				CLANG_WARN_CONSTANT_CONVERSION = YES;
				CLANG_WARN_DIRECT_OBJC_ISA_USAGE = YES_ERROR;
				CLANG_WARN_EMPTY_BODY = YES;
				CLANG_WARN_ENUM_CONVERSION = YES;
				CLANG_WARN_INT_CONVERSION = YES;
				CLANG_WARN_OBJC_ROOT_CLASS = YES_ERROR;
				CLANG_WARN_UNREACHABLE_CODE = YES;
				CLANG_WARN__DUPLICATE_METHOD_MATCH = YES;
				"CODE_SIGN_IDENTITY[sdk=iphoneos*]" = "iPhone Developer";
				COPY_PHASE_STRIP = NO;
				DEBUG_INFORMATION_FORMAT = "dwarf-with-dsym";
				ENABLE_STRICT_OBJC_MSGSEND = YES;
				GCC_C_LANGUAGE_STANDARD = gnu99;
				GCC_DYNAMIC_NO_PIC = NO;
				GCC_NO_COMMON_BLOCKS = YES;
				GCC_OPTIMIZATION_LEVEL = 0;
				GCC_PREPROCESSOR_DEFINITIONS = (
					"DEBUG=1",
					"$(inherited)",
				);
				GCC_SYMBOLS_PRIVATE_EXTERN = NO;
				GCC_WARN_64_TO_32_BIT_CONVERSION = YES;
				GCC_WARN_ABOUT_RETURN_TYPE = YES_ERROR;
				GCC_WARN_UNDECLARED_SELECTOR = YES;
				GCC_WARN_UNINITIALIZED_AUTOS = YES_AGGRESSIVE;
				GCC_WARN_UNUSED_FUNCTION = YES;
				GCC_WARN_UNUSED_VARIABLE = YES;
				IPHONEOS_DEPLOYMENT_TARGET = 8.3;
				MTL_ENABLE_DEBUG_INFO = YES;
				ONLY_ACTIVE_ARCH = YES;
				SDKROOT = iphoneos;
				SWIFT_OPTIMIZATION_LEVEL = "-Onone";
			};
			name = Debug;
		};
		CD3CD40F1B3E1D740020C0C4 /* Release */ = {
			isa = XCBuildConfiguration;
			buildSettings = {
				ALWAYS_SEARCH_USER_PATHS = NO;
				CLANG_CXX_LANGUAGE_STANDARD = "gnu++0x";
				CLANG_CXX_LIBRARY = "libc++";
				CLANG_ENABLE_MODULES = YES;
				CLANG_ENABLE_OBJC_ARC = YES;
				CLANG_WARN_BOOL_CONVERSION = YES;
				CLANG_WARN_CONSTANT_CONVERSION = YES;
				CLANG_WARN_DIRECT_OBJC_ISA_USAGE = YES_ERROR;
				CLANG_WARN_EMPTY_BODY = YES;
				CLANG_WARN_ENUM_CONVERSION = YES;
				CLANG_WARN_INT_CONVERSION = YES;
				CLANG_WARN_OBJC_ROOT_CLASS = YES_ERROR;
				CLANG_WARN_UNREACHABLE_CODE = YES;
				CLANG_WARN__DUPLICATE_METHOD_MATCH = YES;
				"CODE_SIGN_IDENTITY[sdk=iphoneos*]" = "iPhone Developer";
				COPY_PHASE_STRIP = NO;
				DEBUG_INFORMATION_FORMAT = "dwarf-with-dsym";
				ENABLE_NS_ASSERTIONS = NO;
				ENABLE_STRICT_OBJC_MSGSEND = YES;
				GCC_C_LANGUAGE_STANDARD = gnu99;
				GCC_NO_COMMON_BLOCKS = YES;
				GCC_WARN_64_TO_32_BIT_CONVERSION = YES;
				GCC_WARN_ABOUT_RETURN_TYPE = YES_ERROR;
				GCC_WARN_UNDECLARED_SELECTOR = YES;
				GCC_WARN_UNINITIALIZED_AUTOS = YES_AGGRESSIVE;
				GCC_WARN_UNUSED_FUNCTION = YES;
				GCC_WARN_UNUSED_VARIABLE = YES;
				IPHONEOS_DEPLOYMENT_TARGET = 8.3;
				MTL_ENABLE_DEBUG_INFO = NO;
				SDKROOT = iphoneos;
				VALIDATE_PRODUCT = YES;
			};
			name = Release;
		};
		CD3CD4111B3E1D740020C0C4 /* Debug */ = {
			isa = XCBuildConfiguration;
			baseConfigurationReference = 48E291F434814C3E3FB41343 /* Pods-ComicBookMaker.debug.xcconfig */;
			buildSettings = {
				ASSETCATALOG_COMPILER_APPICON_NAME = AppIcon;
				CLANG_ENABLE_MODULES = YES;
				INFOPLIST_FILE = ComicBookMaker/Info.plist;
				LD_RUNPATH_SEARCH_PATHS = "$(inherited) @executable_path/Frameworks";
				PRODUCT_NAME = "$(TARGET_NAME)";
				SWIFT_OBJC_BRIDGING_HEADER = "ComicBookMaker-Bridging-Header.h";
				SWIFT_OPTIMIZATION_LEVEL = "-Onone";
			};
			name = Debug;
		};
		CD3CD4121B3E1D740020C0C4 /* Release */ = {
			isa = XCBuildConfiguration;
			baseConfigurationReference = 203E43B2509FBA730EDDE810 /* Pods-ComicBookMaker.release.xcconfig */;
			buildSettings = {
				ASSETCATALOG_COMPILER_APPICON_NAME = AppIcon;
				CLANG_ENABLE_MODULES = YES;
				INFOPLIST_FILE = ComicBookMaker/Info.plist;
				LD_RUNPATH_SEARCH_PATHS = "$(inherited) @executable_path/Frameworks";
				PRODUCT_NAME = "$(TARGET_NAME)";
				SWIFT_OBJC_BRIDGING_HEADER = "ComicBookMaker-Bridging-Header.h";
			};
			name = Release;
		};
		CD3CD4141B3E1D740020C0C4 /* Debug */ = {
			isa = XCBuildConfiguration;
			buildSettings = {
				BUNDLE_LOADER = "$(TEST_HOST)";
				FRAMEWORK_SEARCH_PATHS = (
					"$(SDKROOT)/Developer/Library/Frameworks",
					"$(inherited)",
				);
				GCC_PREPROCESSOR_DEFINITIONS = (
					"DEBUG=1",
					"$(inherited)",
				);
				INFOPLIST_FILE = ComicBookMakerTests/Info.plist;
				LD_RUNPATH_SEARCH_PATHS = "$(inherited) @executable_path/Frameworks @loader_path/Frameworks";
				PRODUCT_NAME = "$(TARGET_NAME)";
				TEST_HOST = "$(BUILT_PRODUCTS_DIR)/ComicBookMaker.app/ComicBookMaker";
			};
			name = Debug;
		};
		CD3CD4151B3E1D740020C0C4 /* Release */ = {
			isa = XCBuildConfiguration;
			buildSettings = {
				BUNDLE_LOADER = "$(TEST_HOST)";
				FRAMEWORK_SEARCH_PATHS = (
					"$(SDKROOT)/Developer/Library/Frameworks",
					"$(inherited)",
				);
				INFOPLIST_FILE = ComicBookMakerTests/Info.plist;
				LD_RUNPATH_SEARCH_PATHS = "$(inherited) @executable_path/Frameworks @loader_path/Frameworks";
				PRODUCT_NAME = "$(TARGET_NAME)";
				TEST_HOST = "$(BUILT_PRODUCTS_DIR)/ComicBookMaker.app/ComicBookMaker";
			};
			name = Release;
		};
/* End XCBuildConfiguration section */

/* Begin XCConfigurationList section */
		CD3CD3EC1B3E1D740020C0C4 /* Build configuration list for PBXProject "ComicBookMaker" */ = {
			isa = XCConfigurationList;
			buildConfigurations = (
				CD3CD40E1B3E1D740020C0C4 /* Debug */,
				CD3CD40F1B3E1D740020C0C4 /* Release */,
			);
			defaultConfigurationIsVisible = 0;
			defaultConfigurationName = Release;
		};
		CD3CD4101B3E1D740020C0C4 /* Build configuration list for PBXNativeTarget "ComicBookMaker" */ = {
			isa = XCConfigurationList;
			buildConfigurations = (
				CD3CD4111B3E1D740020C0C4 /* Debug */,
				CD3CD4121B3E1D740020C0C4 /* Release */,
			);
			defaultConfigurationIsVisible = 0;
			defaultConfigurationName = Release;
		};
		CD3CD4131B3E1D740020C0C4 /* Build configuration list for PBXNativeTarget "ComicBookMakerTests" */ = {
			isa = XCConfigurationList;
			buildConfigurations = (
				CD3CD4141B3E1D740020C0C4 /* Debug */,
				CD3CD4151B3E1D740020C0C4 /* Release */,
			);
			defaultConfigurationIsVisible = 0;
			defaultConfigurationName = Release;
		};
/* End XCConfigurationList section */
	};
	rootObject = CD3CD3E91B3E1D740020C0C4 /* Project object */;
}
